
Microsoft Visual Studio Solution File, Format Version 12.00
# Visual Studio 15
VisualStudioVersion = 15.0.27703.2035
MinimumVisualStudioVersion = 10.0.40219.1
Project("{FAE04EC0-301F-11D3-BF4B-00C04F79EFBC}") = "WillowWoods", "WillowWoods\WillowWoods.csproj", "{5382FD10-FBF6-4133-93ED-2983A181CB18}"
EndProject
Global
	GlobalSection(SolutionConfigurationPlatforms) = preSolution
		Debug|Any CPU = Debug|Any CPU
		Release|Any CPU = Release|Any CPU
	EndGlobalSection
	GlobalSection(ProjectConfigurationPlatforms) = postSolution
		{5382FD10-FBF6-4133-93ED-2983A181CB18}.Debug|Any CPU.ActiveCfg = Debug|Any CPU
		{5382FD10-FBF6-4133-93ED-2983A181CB18}.Debug|Any CPU.Build.0 = Debug|Any CPU
		{5382FD10-FBF6-4133-93ED-2983A181CB18}.Release|Any CPU.ActiveCfg = Release|Any CPU
		{5382FD10-FBF6-4133-93ED-2983A181CB18}.Release|Any CPU.Build.0 = Release|Any CPU
	EndGlobalSection
	GlobalSection(SolutionProperties) = preSolution
		HideSolutionNode = FALSE
	EndGlobalSection
	GlobalSection(ExtensibilityGlobals) = postSolution
		SolutionGuid = {DCC1D577-4B36-49C3-96B4-77CDC8E217BF}
	EndGlobalSection
EndGlobal
